
Microsoft Visual Studio Solution File, Format Version 12.00
# Visual Studio Version 16
VisualStudioVersion = 16.0.29020.237
MinimumVisualStudioVersion = 10.0.40219.1
Project("{FAE04EC0-301F-11D3-BF4B-00C04F79EFBC}") = "Ex1", "Ex1\Ex1.csproj", "{D9CBE664-AA05-45B6-9235-AAD712364201}"
EndProject
Global
	GlobalSection(SolutionConfigurationPlatforms) = preSolution
		Debug|Any CPU = Debug|Any CPU
		Release|Any CPU = Release|Any CPU
	EndGlobalSection
	GlobalSection(ProjectConfigurationPlatforms) = postSolution
		{D9CBE664-AA05-45B6-9235-AAD712364201}.Debug|Any CPU.ActiveCfg = Debug|Any CPU
		{D9CBE664-AA05-45B6-9235-AAD712364201}.Debug|Any CPU.Build.0 = Debug|Any CPU
		{D9CBE664-AA05-45B6-9235-AAD712364201}.Release|Any CPU.ActiveCfg = Release|Any CPU
		{D9CBE664-AA05-45B6-9235-AAD712364201}.Release|Any CPU.Build.0 = Release|Any CPU
	EndGlobalSection
	GlobalSection(SolutionProperties) = preSolution
		HideSolutionNode = FALSE
	EndGlobalSection
	GlobalSection(ExtensibilityGlobals) = postSolution
		SolutionGuid = {353CE54D-DBA8-4E2A-9D17-72561988E547}
	EndGlobalSection
EndGlobal
